
Microsoft Visual Studio Solution File, Format Version 12.00
# Visual Studio 15
VisualStudioVersion = 15.0.26430.14
MinimumVisualStudioVersion = 10.0.40219.1
Project("{FAE04EC0-301F-11D3-BF4B-00C04F79EFBC}") = "CarpoolingApp", "CarpoolingApp\CarpoolingApp\CarpoolingApp.csproj", "{73F31528-02B5-451B-9D97-A5B4B897001E}"
EndProject
Project("{FAE04EC0-301F-11D3-BF4B-00C04F79EFBC}") = "CarpoolingApp.Droid", "CarpoolingApp\CarpoolingApp.Droid\CarpoolingApp.Droid.csproj", "{1B65B973-D5D4-465E-A6C7-E1417942E402}"
EndProject
Project("{FAE04EC0-301F-11D3-BF4B-00C04F79EFBC}") = "CarpoolingApp.iOS", "CarpoolingApp\CarpoolingApp.iOS\CarpoolingApp.iOS.csproj", "{E8F1FE70-525D-407D-AD91-F7DC1FF44780}"
EndProject
Project("{FAE04EC0-301F-11D3-BF4B-00C04F79EFBC}") = "CarPoolingBackend", "CarPoolingBackend\CarPoolingBackend.csproj", "{C9000765-D829-46AA-9EA9-F8FAC808EF34}"
EndProject
Project("{FAE04EC0-301F-11D3-BF4B-00C04F79EFBC}") = "BusinessEntities", "BusinessEntities\BusinessEntities.csproj", "{41D938EA-DFAE-4D9D-90E5-55F688FA5981}"
EndProject
Global
	GlobalSection(SolutionConfigurationPlatforms) = preSolution
		Ad-Hoc|Any CPU = Ad-Hoc|Any CPU
		Ad-Hoc|ARM = Ad-Hoc|ARM
		Ad-Hoc|iPhone = Ad-Hoc|iPhone
		Ad-Hoc|iPhoneSimulator = Ad-Hoc|iPhoneSimulator
		Ad-Hoc|x64 = Ad-Hoc|x64
		Ad-Hoc|x86 = Ad-Hoc|x86
		AppStore|Any CPU = AppStore|Any CPU
		AppStore|ARM = AppStore|ARM
		AppStore|iPhone = AppStore|iPhone
		AppStore|iPhoneSimulator = AppStore|iPhoneSimulator
		AppStore|x64 = AppStore|x64
		AppStore|x86 = AppStore|x86
		Debug|Any CPU = Debug|Any CPU
		Debug|ARM = Debug|ARM
		Debug|iPhone = Debug|iPhone
		Debug|iPhoneSimulator = Debug|iPhoneSimulator
		Debug|x64 = Debug|x64
		Debug|x86 = Debug|x86
		Release|Any CPU = Release|Any CPU
		Release|ARM = Release|ARM
		Release|iPhone = Release|iPhone
		Release|iPhoneSimulator = Release|iPhoneSimulator
		Release|x64 = Release|x64
		Release|x86 = Release|x86
	EndGlobalSection
	GlobalSection(ProjectConfigurationPlatforms) = postSolution
		{73F31528-02B5-451B-9D97-A5B4B897001E}.Ad-Hoc|Any CPU.ActiveCfg = Release|Any CPU
		{73F31528-02B5-451B-9D97-A5B4B897001E}.Ad-Hoc|Any CPU.Build.0 = Release|Any CPU
		{73F31528-02B5-451B-9D97-A5B4B897001E}.Ad-Hoc|ARM.ActiveCfg = Release|Any CPU
		{73F31528-02B5-451B-9D97-A5B4B897001E}.Ad-Hoc|ARM.Build.0 = Release|Any CPU
		{73F31528-02B5-451B-9D97-A5B4B897001E}.Ad-Hoc|iPhone.ActiveCfg = Release|Any CPU
		{73F31528-02B5-451B-9D97-A5B4B897001E}.Ad-Hoc|iPhone.Build.0 = Release|Any CPU
		{73F31528-02B5-451B-9D97-A5B4B897001E}.Ad-Hoc|iPhoneSimulator.ActiveCfg = Release|Any CPU
		{73F31528-02B5-451B-9D97-A5B4B897001E}.Ad-Hoc|iPhoneSimulator.Build.0 = Release|Any CPU
		{73F31528-02B5-451B-9D97-A5B4B897001E}.Ad-Hoc|x64.ActiveCfg = Release|Any CPU
		{73F31528-02B5-451B-9D97-A5B4B897001E}.Ad-Hoc|x64.Build.0 = Release|Any CPU
		{73F31528-02B5-451B-9D97-A5B4B897001E}.Ad-Hoc|x86.ActiveCfg = Release|Any CPU
		{73F31528-02B5-451B-9D97-A5B4B897001E}.Ad-Hoc|x86.Build.0 = Release|Any CPU
		{73F31528-02B5-451B-9D97-A5B4B897001E}.AppStore|Any CPU.ActiveCfg = Release|Any CPU
		{73F31528-02B5-451B-9D97-A5B4B897001E}.AppStore|Any CPU.Build.0 = Release|Any CPU
		{73F31528-02B5-451B-9D97-A5B4B897001E}.AppStore|ARM.ActiveCfg = Release|Any CPU
		{73F31528-02B5-451B-9D97-A5B4B897001E}.AppStore|ARM.Build.0 = Release|Any CPU
		{73F31528-02B5-451B-9D97-A5B4B897001E}.AppStore|iPhone.ActiveCfg = Release|Any CPU
		{73F31528-02B5-451B-9D97-A5B4B897001E}.AppStore|iPhone.Build.0 = Release|Any CPU
		{73F31528-02B5-451B-9D97-A5B4B897001E}.AppStore|iPhoneSimulator.ActiveCfg = Release|Any CPU
		{73F31528-02B5-451B-9D97-A5B4B897001E}.AppStore|iPhoneSimulator.Build.0 = Release|Any CPU
		{73F31528-02B5-451B-9D97-A5B4B897001E}.AppStore|x64.ActiveCfg = Release|Any CPU
		{73F31528-02B5-451B-9D97-A5B4B897001E}.AppStore|x64.Build.0 = Release|Any CPU
		{73F31528-02B5-451B-9D97-A5B4B897001E}.AppStore|x86.ActiveCfg = Release|Any CPU
		{73F31528-02B5-451B-9D97-A5B4B897001E}.AppStore|x86.Build.0 = Release|Any CPU
		{73F31528-02B5-451B-9D97-A5B4B897001E}.Debug|Any CPU.ActiveCfg = Debug|Any CPU
		{73F31528-02B5-451B-9D97-A5B4B897001E}.Debug|Any CPU.Build.0 = Debug|Any CPU
		{73F31528-02B5-451B-9D97-A5B4B897001E}.Debug|ARM.ActiveCfg = Debug|Any CPU
		{73F31528-02B5-451B-9D97-A5B4B897001E}.Debug|ARM.Build.0 = Debug|Any CPU
		{73F31528-02B5-451B-9D97-A5B4B897001E}.Debug|iPhone.ActiveCfg = Debug|Any CPU
		{73F31528-02B5-451B-9D97-A5B4B897001E}.Debug|iPhone.Build.0 = Debug|Any CPU
		{73F31528-02B5-451B-9D97-A5B4B897001E}.Debug|iPhoneSimulator.ActiveCfg = Debug|Any CPU
		{73F31528-02B5-451B-9D97-A5B4B897001E}.Debug|iPhoneSimulator.Build.0 = Debug|Any CPU
		{73F31528-02B5-451B-9D97-A5B4B897001E}.Debug|x64.ActiveCfg = Debug|Any CPU
		{73F31528-02B5-451B-9D97-A5B4B897001E}.Debug|x64.Build.0 = Debug|Any CPU
		{73F31528-02B5-451B-9D97-A5B4B897001E}.Debug|x86.ActiveCfg = Debug|Any CPU
		{73F31528-02B5-451B-9D97-A5B4B897001E}.Debug|x86.Build.0 = Debug|Any CPU
		{73F31528-02B5-451B-9D97-A5B4B897001E}.Release|Any CPU.ActiveCfg = Release|Any CPU
		{73F31528-02B5-451B-9D97-A5B4B897001E}.Release|Any CPU.Build.0 = Release|Any CPU
		{73F31528-02B5-451B-9D97-A5B4B897001E}.Release|ARM.ActiveCfg = Release|Any CPU
		{73F31528-02B5-451B-9D97-A5B4B897001E}.Release|ARM.Build.0 = Release|Any CPU
		{73F31528-02B5-451B-9D97-A5B4B897001E}.Release|iPhone.ActiveCfg = Release|Any CPU
		{73F31528-02B5-451B-9D97-A5B4B897001E}.Release|iPhone.Build.0 = Release|Any CPU
		{73F31528-02B5-451B-9D97-A5B4B897001E}.Release|iPhoneSimulator.ActiveCfg = Release|Any CPU
		{73F31528-02B5-451B-9D97-A5B4B897001E}.Release|iPhoneSimulator.Build.0 = Release|Any CPU
		{73F31528-02B5-451B-9D97-A5B4B897001E}.Release|x64.ActiveCfg = Release|Any CPU
		{73F31528-02B5-451B-9D97-A5B4B897001E}.Release|x64.Build.0 = Release|Any CPU
		{73F31528-02B5-451B-9D97-A5B4B897001E}.Release|x86.ActiveCfg = Release|Any CPU
		{73F31528-02B5-451B-9D97-A5B4B897001E}.Release|x86.Build.0 = Release|Any CPU
		{1B65B973-D5D4-465E-A6C7-E1417942E402}.Ad-Hoc|Any CPU.ActiveCfg = Release|Any CPU
		{1B65B973-D5D4-465E-A6C7-E1417942E402}.Ad-Hoc|Any CPU.Build.0 = Release|Any CPU
		{1B65B973-D5D4-465E-A6C7-E1417942E402}.Ad-Hoc|Any CPU.Deploy.0 = Release|Any CPU
		{1B65B973-D5D4-465E-A6C7-E1417942E402}.Ad-Hoc|ARM.ActiveCfg = Release|Any CPU
		{1B65B973-D5D4-465E-A6C7-E1417942E402}.Ad-Hoc|ARM.Build.0 = Release|Any CPU
		{1B65B973-D5D4-465E-A6C7-E1417942E402}.Ad-Hoc|ARM.Deploy.0 = Release|Any CPU
		{1B65B973-D5D4-465E-A6C7-E1417942E402}.Ad-Hoc|iPhone.ActiveCfg = Release|Any CPU
		{1B65B973-D5D4-465E-A6C7-E1417942E402}.Ad-Hoc|iPhone.Build.0 = Release|Any CPU
		{1B65B973-D5D4-465E-A6C7-E1417942E402}.Ad-Hoc|iPhone.Deploy.0 = Release|Any CPU
		{1B65B973-D5D4-465E-A6C7-E1417942E402}.Ad-Hoc|iPhoneSimulator.ActiveCfg = Release|Any CPU
		{1B65B973-D5D4-465E-A6C7-E1417942E402}.Ad-Hoc|iPhoneSimulator.Build.0 = Release|Any CPU
		{1B65B973-D5D4-465E-A6C7-E1417942E402}.Ad-Hoc|iPhoneSimulator.Deploy.0 = Release|Any CPU
		{1B65B973-D5D4-465E-A6C7-E1417942E402}.Ad-Hoc|x64.ActiveCfg = Release|Any CPU
		{1B65B973-D5D4-465E-A6C7-E1417942E402}.Ad-Hoc|x64.Build.0 = Release|Any CPU
		{1B65B973-D5D4-465E-A6C7-E1417942E402}.Ad-Hoc|x64.Deploy.0 = Release|Any CPU
		{1B65B973-D5D4-465E-A6C7-E1417942E402}.Ad-Hoc|x86.ActiveCfg = Release|Any CPU
		{1B65B973-D5D4-465E-A6C7-E1417942E402}.Ad-Hoc|x86.Build.0 = Release|Any CPU
		{1B65B973-D5D4-465E-A6C7-E1417942E402}.Ad-Hoc|x86.Deploy.0 = Release|Any CPU
		{1B65B973-D5D4-465E-A6C7-E1417942E402}.AppStore|Any CPU.ActiveCfg = Release|Any CPU
		{1B65B973-D5D4-465E-A6C7-E1417942E402}.AppStore|Any CPU.Build.0 = Release|Any CPU
		{1B65B973-D5D4-465E-A6C7-E1417942E402}.AppStore|Any CPU.Deploy.0 = Release|Any CPU
		{1B65B973-D5D4-465E-A6C7-E1417942E402}.AppStore|ARM.ActiveCfg = Release|Any CPU
		{1B65B973-D5D4-465E-A6C7-E1417942E402}.AppStore|ARM.Build.0 = Release|Any CPU
		{1B65B973-D5D4-465E-A6C7-E1417942E402}.AppStore|ARM.Deploy.0 = Release|Any CPU
		{1B65B973-D5D4-465E-A6C7-E1417942E402}.AppStore|iPhone.ActiveCfg = Release|Any CPU
		{1B65B973-D5D4-465E-A6C7-E1417942E402}.AppStore|iPhone.Build.0 = Release|Any CPU
		{1B65B973-D5D4-465E-A6C7-E1417942E402}.AppStore|iPhone.Deploy.0 = Release|Any CPU
		{1B65B973-D5D4-465E-A6C7-E1417942E402}.AppStore|iPhoneSimulator.ActiveCfg = Release|Any CPU
		{1B65B973-D5D4-465E-A6C7-E1417942E402}.AppStore|iPhoneSimulator.Build.0 = Release|Any CPU
		{1B65B973-D5D4-465E-A6C7-E1417942E402}.AppStore|iPhoneSimulator.Deploy.0 = Release|Any CPU
		{1B65B973-D5D4-465E-A6C7-E1417942E402}.AppStore|x64.ActiveCfg = Release|Any CPU
		{1B65B973-D5D4-465E-A6C7-E1417942E402}.AppStore|x64.Build.0 = Release|Any CPU
		{1B65B973-D5D4-465E-A6C7-E1417942E402}.AppStore|x64.Deploy.0 = Release|Any CPU
		{1B65B973-D5D4-465E-A6C7-E1417942E402}.AppStore|x86.ActiveCfg = Release|Any CPU
		{1B65B973-D5D4-465E-A6C7-E1417942E402}.AppStore|x86.Build.0 = Release|Any CPU
		{1B65B973-D5D4-465E-A6C7-E1417942E402}.AppStore|x86.Deploy.0 = Release|Any CPU
		{1B65B973-D5D4-465E-A6C7-E1417942E402}.Debug|Any CPU.ActiveCfg = Debug|Any CPU
		{1B65B973-D5D4-465E-A6C7-E1417942E402}.Debug|Any CPU.Build.0 = Debug|Any CPU
		{1B65B973-D5D4-465E-A6C7-E1417942E402}.Debug|Any CPU.Deploy.0 = Debug|Any CPU
		{1B65B973-D5D4-465E-A6C7-E1417942E402}.Debug|ARM.ActiveCfg = Debug|Any CPU
		{1B65B973-D5D4-465E-A6C7-E1417942E402}.Debug|ARM.Build.0 = Debug|Any CPU
		{1B65B973-D5D4-465E-A6C7-E1417942E402}.Debug|ARM.Deploy.0 = Debug|Any CPU
		{1B65B973-D5D4-465E-A6C7-E1417942E402}.Debug|iPhone.ActiveCfg = Debug|Any CPU
		{1B65B973-D5D4-465E-A6C7-E1417942E402}.Debug|iPhone.Build.0 = Debug|Any CPU
		{1B65B973-D5D4-465E-A6C7-E1417942E402}.Debug|iPhone.Deploy.0 = Debug|Any CPU
		{1B65B973-D5D4-465E-A6C7-E1417942E402}.Debug|iPhoneSimulator.ActiveCfg = Debug|Any CPU
		{1B65B973-D5D4-465E-A6C7-E1417942E402}.Debug|iPhoneSimulator.Build.0 = Debug|Any CPU
		{1B65B973-D5D4-465E-A6C7-E1417942E402}.Debug|iPhoneSimulator.Deploy.0 = Debug|Any CPU
		{1B65B973-D5D4-465E-A6C7-E1417942E402}.Debug|x64.ActiveCfg = Debug|Any CPU
		{1B65B973-D5D4-465E-A6C7-E1417942E402}.Debug|x64.Build.0 = Debug|Any CPU
		{1B65B973-D5D4-465E-A6C7-E1417942E402}.Debug|x64.Deploy.0 = Debug|Any CPU
		{1B65B973-D5D4-465E-A6C7-E1417942E402}.Debug|x86.ActiveCfg = Debug|Any CPU
		{1B65B973-D5D4-465E-A6C7-E1417942E402}.Debug|x86.Build.0 = Debug|Any CPU
		{1B65B973-D5D4-465E-A6C7-E1417942E402}.Debug|x86.Deploy.0 = Debug|Any CPU
		{1B65B973-D5D4-465E-A6C7-E1417942E402}.Release|Any CPU.ActiveCfg = Release|Any CPU
		{1B65B973-D5D4-465E-A6C7-E1417942E402}.Release|Any CPU.Build.0 = Release|Any CPU
		{1B65B973-D5D4-465E-A6C7-E1417942E402}.Release|Any CPU.Deploy.0 = Release|Any CPU
		{1B65B973-D5D4-465E-A6C7-E1417942E402}.Release|ARM.ActiveCfg = Release|Any CPU
		{1B65B973-D5D4-465E-A6C7-E1417942E402}.Release|ARM.Build.0 = Release|Any CPU
		{1B65B973-D5D4-465E-A6C7-E1417942E402}.Release|ARM.Deploy.0 = Release|Any CPU
		{1B65B973-D5D4-465E-A6C7-E1417942E402}.Release|iPhone.ActiveCfg = Release|Any CPU
		{1B65B973-D5D4-465E-A6C7-E1417942E402}.Release|iPhone.Build.0 = Release|Any CPU
		{1B65B973-D5D4-465E-A6C7-E1417942E402}.Release|iPhone.Deploy.0 = Release|Any CPU
		{1B65B973-D5D4-465E-A6C7-E1417942E402}.Release|iPhoneSimulator.ActiveCfg = Release|Any CPU
		{1B65B973-D5D4-465E-A6C7-E1417942E402}.Release|iPhoneSimulator.Build.0 = Release|Any CPU
		{1B65B973-D5D4-465E-A6C7-E1417942E402}.Release|iPhoneSimulator.Deploy.0 = Release|Any CPU
		{1B65B973-D5D4-465E-A6C7-E1417942E402}.Release|x64.ActiveCfg = Release|Any CPU
		{1B65B973-D5D4-465E-A6C7-E1417942E402}.Release|x64.Build.0 = Release|Any CPU
		{1B65B973-D5D4-465E-A6C7-E1417942E402}.Release|x64.Deploy.0 = Release|Any CPU
		{1B65B973-D5D4-465E-A6C7-E1417942E402}.Release|x86.ActiveCfg = Release|Any CPU
		{1B65B973-D5D4-465E-A6C7-E1417942E402}.Release|x86.Build.0 = Release|Any CPU
		{1B65B973-D5D4-465E-A6C7-E1417942E402}.Release|x86.Deploy.0 = Release|Any CPU
		{E8F1FE70-525D-407D-AD91-F7DC1FF44780}.Ad-Hoc|Any CPU.ActiveCfg = Ad-Hoc|iPhone
		{E8F1FE70-525D-407D-AD91-F7DC1FF44780}.Ad-Hoc|ARM.ActiveCfg = Ad-Hoc|iPhone
		{E8F1FE70-525D-407D-AD91-F7DC1FF44780}.Ad-Hoc|iPhone.ActiveCfg = Ad-Hoc|iPhone
		{E8F1FE70-525D-407D-AD91-F7DC1FF44780}.Ad-Hoc|iPhone.Build.0 = Ad-Hoc|iPhone
		{E8F1FE70-525D-407D-AD91-F7DC1FF44780}.Ad-Hoc|iPhoneSimulator.ActiveCfg = Ad-Hoc|iPhoneSimulator
		{E8F1FE70-525D-407D-AD91-F7DC1FF44780}.Ad-Hoc|iPhoneSimulator.Build.0 = Ad-Hoc|iPhoneSimulator
		{E8F1FE70-525D-407D-AD91-F7DC1FF44780}.Ad-Hoc|x64.ActiveCfg = Ad-Hoc|iPhone
		{E8F1FE70-525D-407D-AD91-F7DC1FF44780}.Ad-Hoc|x86.ActiveCfg = Ad-Hoc|iPhone
		{E8F1FE70-525D-407D-AD91-F7DC1FF44780}.AppStore|Any CPU.ActiveCfg = AppStore|iPhone
		{E8F1FE70-525D-407D-AD91-F7DC1FF44780}.AppStore|ARM.ActiveCfg = AppStore|iPhone
		{E8F1FE70-525D-407D-AD91-F7DC1FF44780}.AppStore|iPhone.ActiveCfg = AppStore|iPhone
		{E8F1FE70-525D-407D-AD91-F7DC1FF44780}.AppStore|iPhone.Build.0 = AppStore|iPhone
		{E8F1FE70-525D-407D-AD91-F7DC1FF44780}.AppStore|iPhoneSimulator.ActiveCfg = AppStore|iPhoneSimulator
		{E8F1FE70-525D-407D-AD91-F7DC1FF44780}.AppStore|iPhoneSimulator.Build.0 = AppStore|iPhoneSimulator
		{E8F1FE70-525D-407D-AD91-F7DC1FF44780}.AppStore|x64.ActiveCfg = AppStore|iPhone
		{E8F1FE70-525D-407D-AD91-F7DC1FF44780}.AppStore|x86.ActiveCfg = AppStore|iPhone
		{E8F1FE70-525D-407D-AD91-F7DC1FF44780}.Debug|Any CPU.ActiveCfg = Debug|iPhone
		{E8F1FE70-525D-407D-AD91-F7DC1FF44780}.Debug|ARM.ActiveCfg = Debug|iPhone
		{E8F1FE70-525D-407D-AD91-F7DC1FF44780}.Debug|iPhone.ActiveCfg = Debug|iPhone
		{E8F1FE70-525D-407D-AD91-F7DC1FF44780}.Debug|iPhone.Build.0 = Debug|iPhone
		{E8F1FE70-525D-407D-AD91-F7DC1FF44780}.Debug|iPhoneSimulator.ActiveCfg = Debug|iPhoneSimulator
		{E8F1FE70-525D-407D-AD91-F7DC1FF44780}.Debug|iPhoneSimulator.Build.0 = Debug|iPhoneSimulator
		{E8F1FE70-525D-407D-AD91-F7DC1FF44780}.Debug|x64.ActiveCfg = Debug|iPhone
		{E8F1FE70-525D-407D-AD91-F7DC1FF44780}.Debug|x86.ActiveCfg = Debug|iPhone
		{E8F1FE70-525D-407D-AD91-F7DC1FF44780}.Release|Any CPU.ActiveCfg = Release|iPhone
		{E8F1FE70-525D-407D-AD91-F7DC1FF44780}.Release|ARM.ActiveCfg = Release|iPhone
		{E8F1FE70-525D-407D-AD91-F7DC1FF44780}.Release|iPhone.ActiveCfg = Release|iPhone
		{E8F1FE70-525D-407D-AD91-F7DC1FF44780}.Release|iPhone.Build.0 = Release|iPhone
		{E8F1FE70-525D-407D-AD91-F7DC1FF44780}.Release|iPhoneSimulator.ActiveCfg = Release|iPhoneSimulator
		{E8F1FE70-525D-407D-AD91-F7DC1FF44780}.Release|iPhoneSimulator.Build.0 = Release|iPhoneSimulator
		{E8F1FE70-525D-407D-AD91-F7DC1FF44780}.Release|x64.ActiveCfg = Release|iPhone
		{E8F1FE70-525D-407D-AD91-F7DC1FF44780}.Release|x86.ActiveCfg = Release|iPhone
		{C9000765-D829-46AA-9EA9-F8FAC808EF34}.Ad-Hoc|Any CPU.ActiveCfg = Release|Any CPU
		{C9000765-D829-46AA-9EA9-F8FAC808EF34}.Ad-Hoc|Any CPU.Build.0 = Release|Any CPU
		{C9000765-D829-46AA-9EA9-F8FAC808EF34}.Ad-Hoc|ARM.ActiveCfg = Release|Any CPU
		{C9000765-D829-46AA-9EA9-F8FAC808EF34}.Ad-Hoc|ARM.Build.0 = Release|Any CPU
		{C9000765-D829-46AA-9EA9-F8FAC808EF34}.Ad-Hoc|iPhone.ActiveCfg = Release|Any CPU
		{C9000765-D829-46AA-9EA9-F8FAC808EF34}.Ad-Hoc|iPhone.Build.0 = Release|Any CPU
		{C9000765-D829-46AA-9EA9-F8FAC808EF34}.Ad-Hoc|iPhoneSimulator.ActiveCfg = Release|Any CPU
		{C9000765-D829-46AA-9EA9-F8FAC808EF34}.Ad-Hoc|iPhoneSimulator.Build.0 = Release|Any CPU
		{C9000765-D829-46AA-9EA9-F8FAC808EF34}.Ad-Hoc|x64.ActiveCfg = Release|Any CPU
		{C9000765-D829-46AA-9EA9-F8FAC808EF34}.Ad-Hoc|x64.Build.0 = Release|Any CPU
		{C9000765-D829-46AA-9EA9-F8FAC808EF34}.Ad-Hoc|x86.ActiveCfg = Release|Any CPU
		{C9000765-D829-46AA-9EA9-F8FAC808EF34}.Ad-Hoc|x86.Build.0 = Release|Any CPU
		{C9000765-D829-46AA-9EA9-F8FAC808EF34}.AppStore|Any CPU.ActiveCfg = Release|Any CPU
		{C9000765-D829-46AA-9EA9-F8FAC808EF34}.AppStore|Any CPU.Build.0 = Release|Any CPU
		{C9000765-D829-46AA-9EA9-F8FAC808EF34}.AppStore|ARM.ActiveCfg = Release|Any CPU
		{C9000765-D829-46AA-9EA9-F8FAC808EF34}.AppStore|ARM.Build.0 = Release|Any CPU
		{C9000765-D829-46AA-9EA9-F8FAC808EF34}.AppStore|iPhone.ActiveCfg = Release|Any CPU
		{C9000765-D829-46AA-9EA9-F8FAC808EF34}.AppStore|iPhone.Build.0 = Release|Any CPU
		{C9000765-D829-46AA-9EA9-F8FAC808EF34}.AppStore|iPhoneSimulator.ActiveCfg = Release|Any CPU
		{C9000765-D829-46AA-9EA9-F8FAC808EF34}.AppStore|iPhoneSimulator.Build.0 = Release|Any CPU
		{C9000765-D829-46AA-9EA9-F8FAC808EF34}.AppStore|x64.ActiveCfg = Release|Any CPU
		{C9000765-D829-46AA-9EA9-F8FAC808EF34}.AppStore|x64.Build.0 = Release|Any CPU
		{C9000765-D829-46AA-9EA9-F8FAC808EF34}.AppStore|x86.ActiveCfg = Release|Any CPU
		{C9000765-D829-46AA-9EA9-F8FAC808EF34}.AppStore|x86.Build.0 = Release|Any CPU
		{C9000765-D829-46AA-9EA9-F8FAC808EF34}.Debug|Any CPU.ActiveCfg = Debug|Any CPU
		{C9000765-D829-46AA-9EA9-F8FAC808EF34}.Debug|Any CPU.Build.0 = Debug|Any CPU
		{C9000765-D829-46AA-9EA9-F8FAC808EF34}.Debug|ARM.ActiveCfg = Debug|Any CPU
		{C9000765-D829-46AA-9EA9-F8FAC808EF34}.Debug|ARM.Build.0 = Debug|Any CPU
		{C9000765-D829-46AA-9EA9-F8FAC808EF34}.Debug|iPhone.ActiveCfg = Debug|Any CPU
		{C9000765-D829-46AA-9EA9-F8FAC808EF34}.Debug|iPhone.Build.0 = Debug|Any CPU
		{C9000765-D829-46AA-9EA9-F8FAC808EF34}.Debug|iPhoneSimulator.ActiveCfg = Debug|Any CPU
		{C9000765-D829-46AA-9EA9-F8FAC808EF34}.Debug|iPhoneSimulator.Build.0 = Debug|Any CPU
		{C9000765-D829-46AA-9EA9-F8FAC808EF34}.Debug|x64.ActiveCfg = Debug|Any CPU
		{C9000765-D829-46AA-9EA9-F8FAC808EF34}.Debug|x64.Build.0 = Debug|Any CPU
		{C9000765-D829-46AA-9EA9-F8FAC808EF34}.Debug|x86.ActiveCfg = Debug|Any CPU
		{C9000765-D829-46AA-9EA9-F8FAC808EF34}.Debug|x86.Build.0 = Debug|Any CPU
		{C9000765-D829-46AA-9EA9-F8FAC808EF34}.Release|Any CPU.ActiveCfg = Release|Any CPU
		{C9000765-D829-46AA-9EA9-F8FAC808EF34}.Release|Any CPU.Build.0 = Release|Any CPU
		{C9000765-D829-46AA-9EA9-F8FAC808EF34}.Release|ARM.ActiveCfg = Release|Any CPU
		{C9000765-D829-46AA-9EA9-F8FAC808EF34}.Release|ARM.Build.0 = Release|Any CPU
		{C9000765-D829-46AA-9EA9-F8FAC808EF34}.Release|iPhone.ActiveCfg = Release|Any CPU
		{C9000765-D829-46AA-9EA9-F8FAC808EF34}.Release|iPhone.Build.0 = Release|Any CPU
		{C9000765-D829-46AA-9EA9-F8FAC808EF34}.Release|iPhoneSimulator.ActiveCfg = Release|Any CPU
		{C9000765-D829-46AA-9EA9-F8FAC808EF34}.Release|iPhoneSimulator.Build.0 = Release|Any CPU
		{C9000765-D829-46AA-9EA9-F8FAC808EF34}.Release|x64.ActiveCfg = Release|Any CPU
		{C9000765-D829-46AA-9EA9-F8FAC808EF34}.Release|x64.Build.0 = Release|Any CPU
		{C9000765-D829-46AA-9EA9-F8FAC808EF34}.Release|x86.ActiveCfg = Release|Any CPU
		{C9000765-D829-46AA-9EA9-F8FAC808EF34}.Release|x86.Build.0 = Release|Any CPU
		{41D938EA-DFAE-4D9D-90E5-55F688FA5981}.Ad-Hoc|Any CPU.ActiveCfg = Release|Any CPU
		{41D938EA-DFAE-4D9D-90E5-55F688FA5981}.Ad-Hoc|Any CPU.Build.0 = Release|Any CPU
		{41D938EA-DFAE-4D9D-90E5-55F688FA5981}.Ad-Hoc|ARM.ActiveCfg = Release|Any CPU
		{41D938EA-DFAE-4D9D-90E5-55F688FA5981}.Ad-Hoc|ARM.Build.0 = Release|Any CPU
		{41D938EA-DFAE-4D9D-90E5-55F688FA5981}.Ad-Hoc|iPhone.ActiveCfg = Release|Any CPU
		{41D938EA-DFAE-4D9D-90E5-55F688FA5981}.Ad-Hoc|iPhone.Build.0 = Release|Any CPU
		{41D938EA-DFAE-4D9D-90E5-55F688FA5981}.Ad-Hoc|iPhoneSimulator.ActiveCfg = Release|Any CPU
		{41D938EA-DFAE-4D9D-90E5-55F688FA5981}.Ad-Hoc|iPhoneSimulator.Build.0 = Release|Any CPU
		{41D938EA-DFAE-4D9D-90E5-55F688FA5981}.Ad-Hoc|x64.ActiveCfg = Release|Any CPU
		{41D938EA-DFAE-4D9D-90E5-55F688FA5981}.Ad-Hoc|x64.Build.0 = Release|Any CPU
		{41D938EA-DFAE-4D9D-90E5-55F688FA5981}.Ad-Hoc|x86.ActiveCfg = Release|Any CPU
		{41D938EA-DFAE-4D9D-90E5-55F688FA5981}.Ad-Hoc|x86.Build.0 = Release|Any CPU
		{41D938EA-DFAE-4D9D-90E5-55F688FA5981}.AppStore|Any CPU.ActiveCfg = Release|Any CPU
		{41D938EA-DFAE-4D9D-90E5-55F688FA5981}.AppStore|Any CPU.Build.0 = Release|Any CPU
		{41D938EA-DFAE-4D9D-90E5-55F688FA5981}.AppStore|ARM.ActiveCfg = Release|Any CPU
		{41D938EA-DFAE-4D9D-90E5-55F688FA5981}.AppStore|ARM.Build.0 = Release|Any CPU
		{41D938EA-DFAE-4D9D-90E5-55F688FA5981}.AppStore|iPhone.ActiveCfg = Release|Any CPU
		{41D938EA-DFAE-4D9D-90E5-55F688FA5981}.AppStore|iPhone.Build.0 = Release|Any CPU
		{41D938EA-DFAE-4D9D-90E5-55F688FA5981}.AppStore|iPhoneSimulator.ActiveCfg = Release|Any CPU
		{41D938EA-DFAE-4D9D-90E5-55F688FA5981}.AppStore|iPhoneSimulator.Build.0 = Release|Any CPU
		{41D938EA-DFAE-4D9D-90E5-55F688FA5981}.AppStore|x64.ActiveCfg = Release|Any CPU
		{41D938EA-DFAE-4D9D-90E5-55F688FA5981}.AppStore|x64.Build.0 = Release|Any CPU
		{41D938EA-DFAE-4D9D-90E5-55F688FA5981}.AppStore|x86.ActiveCfg = Release|Any CPU
		{41D938EA-DFAE-4D9D-90E5-55F688FA5981}.AppStore|x86.Build.0 = Release|Any CPU
		{41D938EA-DFAE-4D9D-90E5-55F688FA5981}.Debug|Any CPU.ActiveCfg = Debug|Any CPU
		{41D938EA-DFAE-4D9D-90E5-55F688FA5981}.Debug|Any CPU.Build.0 = Debug|Any CPU
		{41D938EA-DFAE-4D9D-90E5-55F688FA5981}.Debug|ARM.ActiveCfg = Debug|Any CPU
		{41D938EA-DFAE-4D9D-90E5-55F688FA5981}.Debug|ARM.Build.0 = Debug|Any CPU
		{41D938EA-DFAE-4D9D-90E5-55F688FA5981}.Debug|iPhone.ActiveCfg = Debug|Any CPU
		{41D938EA-DFAE-4D9D-90E5-55F688FA5981}.Debug|iPhone.Build.0 = Debug|Any CPU
		{41D938EA-DFAE-4D9D-90E5-55F688FA5981}.Debug|iPhoneSimulator.ActiveCfg = Debug|Any CPU
		{41D938EA-DFAE-4D9D-90E5-55F688FA5981}.Debug|iPhoneSimulator.Build.0 = Debug|Any CPU
		{41D938EA-DFAE-4D9D-90E5-55F688FA5981}.Debug|x64.ActiveCfg = Debug|Any CPU
		{41D938EA-DFAE-4D9D-90E5-55F688FA5981}.Debug|x64.Build.0 = Debug|Any CPU
		{41D938EA-DFAE-4D9D-90E5-55F688FA5981}.Debug|x86.ActiveCfg = Debug|Any CPU
		{41D938EA-DFAE-4D9D-90E5-55F688FA5981}.Debug|x86.Build.0 = Debug|Any CPU
		{41D938EA-DFAE-4D9D-90E5-55F688FA5981}.Release|Any CPU.ActiveCfg = Release|Any CPU
		{41D938EA-DFAE-4D9D-90E5-55F688FA5981}.Release|Any CPU.Build.0 = Release|Any CPU
		{41D938EA-DFAE-4D9D-90E5-55F688FA5981}.Release|ARM.ActiveCfg = Release|Any CPU
		{41D938EA-DFAE-4D9D-90E5-55F688FA5981}.Release|ARM.Build.0 = Release|Any CPU
		{41D938EA-DFAE-4D9D-90E5-55F688FA5981}.Release|iPhone.ActiveCfg = Release|Any CPU
		{41D938EA-DFAE-4D9D-90E5-55F688FA5981}.Release|iPhone.Build.0 = Release|Any CPU
		{41D938EA-DFAE-4D9D-90E5-55F688FA5981}.Release|iPhoneSimulator.ActiveCfg = Release|Any CPU
		{41D938EA-DFAE-4D9D-90E5-55F688FA5981}.Release|iPhoneSimulator.Build.0 = Release|Any CPU
		{41D938EA-DFAE-4D9D-90E5-55F688FA5981}.Release|x64.ActiveCfg = Release|Any CPU
		{41D938EA-DFAE-4D9D-90E5-55F688FA5981}.Release|x64.Build.0 = Release|Any CPU
		{41D938EA-DFAE-4D9D-90E5-55F688FA5981}.Release|x86.ActiveCfg = Release|Any CPU
		{41D938EA-DFAE-4D9D-90E5-55F688FA5981}.Release|x86.Build.0 = Release|Any CPU
	EndGlobalSection
	GlobalSection(SolutionProperties) = preSolution
		HideSolutionNode = FALSE
	EndGlobalSection
EndGlobal
